// !$*UTF8*$!
{
	archiveVersion = 1;
	classes = {
	};
	objectVersion = 48;
	objects = {

/* Begin PBXBuildFile section */
		655FBCC01FEB89CA00FF3044 /* FileManagerExtension.swift in Sources */ = {isa = PBXBuildFile; fileRef = 655FBCBF1FEB89CA00FF3044 /* FileManagerExtension.swift */; };
		655FBCC21FEB89D400FF3044 /* Model.swift in Sources */ = {isa = PBXBuildFile; fileRef = 655FBCC11FEB89D400FF3044 /* Model.swift */; };
		655FBCC41FEB89E700FF3044 /* FileManagerExtension.swift in Sources */ = {isa = PBXBuildFile; fileRef = 655FBCBF1FEB89CA00FF3044 /* FileManagerExtension.swift */; };
		655FBCC51FEB89EA00FF3044 /* Model.swift in Sources */ = {isa = PBXBuildFile; fileRef = 655FBCC11FEB89D400FF3044 /* Model.swift */; };
		65F8CD671FD620B10069F214 /* AppDelegate.swift in Sources */ = {isa = PBXBuildFile; fileRef = 65F8CD661FD620B10069F214 /* AppDelegate.swift */; };
		65F8CD691FD620B10069F214 /* ViewController.swift in Sources */ = {isa = PBXBuildFile; fileRef = 65F8CD681FD620B10069F214 /* ViewController.swift */; };
		65F8CD6C1FD620B10069F214 /* Main.storyboard in Resources */ = {isa = PBXBuildFile; fileRef = 65F8CD6A1FD620B10069F214 /* Main.storyboard */; };
		65F8CD711FD620B10069F214 /* Assets.xcassets in Resources */ = {isa = PBXBuildFile; fileRef = 65F8CD701FD620B10069F214 /* Assets.xcassets */; };
		65F8CD741FD620B10069F214 /* LaunchScreen.storyboard in Resources */ = {isa = PBXBuildFile; fileRef = 65F8CD721FD620B10069F214 /* LaunchScreen.storyboard */; };
		65F8CD831FD620C30069F214 /* Assets.xcassets in Resources */ = {isa = PBXBuildFile; fileRef = 65F8CD821FD620C30069F214 /* Assets.xcassets */; };
		65F8CD8A1FD620C40069F214 /* MinuteChallengeGame Extension.appex in Embed App Extensions */ = {isa = PBXBuildFile; fileRef = 65F8CD891FD620C40069F214 /* MinuteChallengeGame Extension.appex */; settings = {ATTRIBUTES = (RemoveHeadersOnCopy, ); }; };
		65F8CD951FD620C40069F214 /* ExtensionDelegate.swift in Sources */ = {isa = PBXBuildFile; fileRef = 65F8CD941FD620C40069F214 /* ExtensionDelegate.swift */; };
		65F8CD971FD620C40069F214 /* Assets.xcassets in Resources */ = {isa = PBXBuildFile; fileRef = 65F8CD961FD620C40069F214 /* Assets.xcassets */; };
		65F8CD9B1FD620C40069F214 /* MinuteChallengeGame.app in Embed Watch Content */ = {isa = PBXBuildFile; fileRef = 65F8CD7D1FD620C30069F214 /* MinuteChallengeGame.app */; };
		65F8CDA51FD64A770069F214 /* GameScene.swift in Sources */ = {isa = PBXBuildFile; fileRef = 65F8CDA41FD64A770069F214 /* GameScene.swift */; };
		65F8CDA71FD64A7D0069F214 /* GameIC.swift in Sources */ = {isa = PBXBuildFile; fileRef = 65F8CDA61FD64A7D0069F214 /* GameIC.swift */; };
		65F8CDA91FD64A830069F214 /* Tasks.swift in Sources */ = {isa = PBXBuildFile; fileRef = 65F8CDA81FD64A830069F214 /* Tasks.swift */; };
		65F8CDAB1FD64A880069F214 /* Interface.storyboard in Resources */ = {isa = PBXBuildFile; fileRef = 65F8CDAA1FD64A880069F214 /* Interface.storyboard */; };
		65F8CDAF1FD64AF90069F214 /* TitleIC.swift in Sources */ = {isa = PBXBuildFile; fileRef = 65F8CDAE1FD64AF90069F214 /* TitleIC.swift */; };
/* End PBXBuildFile section */

/* Begin PBXContainerItemProxy section */
		65F8CD8B1FD620C40069F214 /* PBXContainerItemProxy */ = {
			isa = PBXContainerItemProxy;
			containerPortal = 65F8CD5B1FD620B10069F214 /* Project object */;
			proxyType = 1;
			remoteGlobalIDString = 65F8CD881FD620C40069F214;
			remoteInfo = "WatchMeGame Extension";
		};
		65F8CD991FD620C40069F214 /* PBXContainerItemProxy */ = {
			isa = PBXContainerItemProxy;
			containerPortal = 65F8CD5B1FD620B10069F214 /* Project object */;
			proxyType = 1;
			remoteGlobalIDString = 65F8CD7C1FD620C30069F214;
			remoteInfo = WatchMeGame;
		};
/* End PBXContainerItemProxy section */

/* Begin PBXCopyFilesBuildPhase section */
		65F8CD9F1FD620C40069F214 /* Embed App Extensions */ = {
			isa = PBXCopyFilesBuildPhase;
			buildActionMask = 2147483647;
			dstPath = "";
			dstSubfolderSpec = 13;
			files = (
				65F8CD8A1FD620C40069F214 /* MinuteChallengeGame Extension.appex in Embed App Extensions */,
			);
			name = "Embed App Extensions";
			runOnlyForDeploymentPostprocessing = 0;
		};
		65F8CDA31FD620C40069F214 /* Embed Watch Content */ = {
			isa = PBXCopyFilesBuildPhase;
			buildActionMask = 2147483647;
			dstPath = "$(CONTENTS_FOLDER_PATH)/Watch";
			dstSubfolderSpec = 16;
			files = (
				65F8CD9B1FD620C40069F214 /* MinuteChallengeGame.app in Embed Watch Content */,
			);
			name = "Embed Watch Content";
			runOnlyForDeploymentPostprocessing = 0;
		};
/* End PBXCopyFilesBuildPhase section */

/* Begin PBXFileReference section */
		655FBCBF1FEB89CA00FF3044 /* FileManagerExtension.swift */ = {isa = PBXFileReference; fileEncoding = 4; lastKnownFileType = sourcecode.swift; path = FileManagerExtension.swift; sourceTree = "<group>"; };
		655FBCC11FEB89D400FF3044 /* Model.swift */ = {isa = PBXFileReference; fileEncoding = 4; lastKnownFileType = sourcecode.swift; path = Model.swift; sourceTree = "<group>"; };
		65F8CD631FD620B10069F214 /* MinuteChallenge.app */ = {isa = PBXFileReference; explicitFileType = wrapper.application; includeInIndex = 0; path = MinuteChallenge.app; sourceTree = BUILT_PRODUCTS_DIR; };
		65F8CD661FD620B10069F214 /* AppDelegate.swift */ = {isa = PBXFileReference; lastKnownFileType = sourcecode.swift; path = AppDelegate.swift; sourceTree = "<group>"; };
		65F8CD681FD620B10069F214 /* ViewController.swift */ = {isa = PBXFileReference; lastKnownFileType = sourcecode.swift; path = ViewController.swift; sourceTree = "<group>"; };
		65F8CD6B1FD620B10069F214 /* Base */ = {isa = PBXFileReference; lastKnownFileType = file.storyboard; name = Base; path = Base.lproj/Main.storyboard; sourceTree = "<group>"; };
		65F8CD701FD620B10069F214 /* Assets.xcassets */ = {isa = PBXFileReference; lastKnownFileType = folder.assetcatalog; path = Assets.xcassets; sourceTree = "<group>"; };
		65F8CD731FD620B10069F214 /* Base */ = {isa = PBXFileReference; lastKnownFileType = file.storyboard; name = Base; path = Base.lproj/LaunchScreen.storyboard; sourceTree = "<group>"; };
		65F8CD751FD620B10069F214 /* Info.plist */ = {isa = PBXFileReference; lastKnownFileType = text.plist.xml; path = Info.plist; sourceTree = "<group>"; };
		65F8CD7D1FD620C30069F214 /* MinuteChallengeGame.app */ = {isa = PBXFileReference; explicitFileType = wrapper.application; includeInIndex = 0; path = MinuteChallengeGame.app; sourceTree = BUILT_PRODUCTS_DIR; };
		65F8CD821FD620C30069F214 /* Assets.xcassets */ = {isa = PBXFileReference; lastKnownFileType = folder.assetcatalog; path = Assets.xcassets; sourceTree = "<group>"; };
		65F8CD841FD620C30069F214 /* Info.plist */ = {isa = PBXFileReference; lastKnownFileType = text.plist.xml; path = Info.plist; sourceTree = "<group>"; };
		65F8CD891FD620C40069F214 /* MinuteChallengeGame Extension.appex */ = {isa = PBXFileReference; explicitFileType = "wrapper.app-extension"; includeInIndex = 0; path = "MinuteChallengeGame Extension.appex"; sourceTree = BUILT_PRODUCTS_DIR; };
		65F8CD941FD620C40069F214 /* ExtensionDelegate.swift */ = {isa = PBXFileReference; lastKnownFileType = sourcecode.swift; path = ExtensionDelegate.swift; sourceTree = "<group>"; };
		65F8CD961FD620C40069F214 /* Assets.xcassets */ = {isa = PBXFileReference; lastKnownFileType = folder.assetcatalog; path = Assets.xcassets; sourceTree = "<group>"; };
		65F8CD981FD620C40069F214 /* Info.plist */ = {isa = PBXFileReference; lastKnownFileType = text.plist.xml; path = Info.plist; sourceTree = "<group>"; };
		65F8CDA41FD64A770069F214 /* GameScene.swift */ = {isa = PBXFileReference; fileEncoding = 4; lastKnownFileType = sourcecode.swift; path = GameScene.swift; sourceTree = "<group>"; };
		65F8CDA61FD64A7D0069F214 /* GameIC.swift */ = {isa = PBXFileReference; fileEncoding = 4; lastKnownFileType = sourcecode.swift; path = GameIC.swift; sourceTree = "<group>"; };
		65F8CDA81FD64A830069F214 /* Tasks.swift */ = {isa = PBXFileReference; fileEncoding = 4; lastKnownFileType = sourcecode.swift; path = Tasks.swift; sourceTree = "<group>"; };
		65F8CDAA1FD64A880069F214 /* Interface.storyboard */ = {isa = PBXFileReference; fileEncoding = 4; lastKnownFileType = file.storyboard; path = Interface.storyboard; sourceTree = "<group>"; };
		65F8CDAE1FD64AF90069F214 /* TitleIC.swift */ = {isa = PBXFileReference; lastKnownFileType = sourcecode.swift; path = TitleIC.swift; sourceTree = "<group>"; };
/* End PBXFileReference section */

/* Begin PBXFrameworksBuildPhase section */
		65F8CD601FD620B10069F214 /* Frameworks */ = {
			isa = PBXFrameworksBuildPhase;
			buildActionMask = 2147483647;
			files = (
			);
			runOnlyForDeploymentPostprocessing = 0;
		};
		65F8CD861FD620C40069F214 /* Frameworks */ = {
			isa = PBXFrameworksBuildPhase;
			buildActionMask = 2147483647;
			files = (
			);
			runOnlyForDeploymentPostprocessing = 0;
		};
		CB82E08D4C0C71890633BAD5 /* Frameworks */ = {
			isa = PBXFrameworksBuildPhase;
			buildActionMask = 2147483647;
			files = (
			);
			runOnlyForDeploymentPostprocessing = 0;
		};
/* End PBXFrameworksBuildPhase section */

/* Begin PBXGroup section */
		655FBCC31FEB89D700FF3044 /* DataModel */ = {
			isa = PBXGroup;
			children = (
				655FBCBF1FEB89CA00FF3044 /* FileManagerExtension.swift */,
				655FBCC11FEB89D400FF3044 /* Model.swift */,
			);
			name = DataModel;
			path = "New Group";
			sourceTree = "<group>";
		};
		65F8CD5A1FD620B10069F214 = {
			isa = PBXGroup;
			children = (
				655FBCC31FEB89D700FF3044 /* DataModel */,
				65F8CD651FD620B10069F214 /* MinuteChallenge */,
				65F8CD7E1FD620C30069F214 /* MinuteChallengeGame */,
				65F8CD8D1FD620C40069F214 /* MinuteChallengeGame Extension */,
				65F8CD641FD620B10069F214 /* Products */,
			);
			sourceTree = "<group>";
		};
		65F8CD641FD620B10069F214 /* Products */ = {
			isa = PBXGroup;
			children = (
				65F8CD631FD620B10069F214 /* MinuteChallenge.app */,
				65F8CD7D1FD620C30069F214 /* MinuteChallengeGame.app */,
				65F8CD891FD620C40069F214 /* MinuteChallengeGame Extension.appex */,
			);
			name = Products;
			sourceTree = "<group>";
		};
		65F8CD651FD620B10069F214 /* MinuteChallenge */ = {
			isa = PBXGroup;
			children = (
				65F8CD661FD620B10069F214 /* AppDelegate.swift */,
				65F8CD681FD620B10069F214 /* ViewController.swift */,
				65F8CD6A1FD620B10069F214 /* Main.storyboard */,
				65F8CD701FD620B10069F214 /* Assets.xcassets */,
				65F8CD721FD620B10069F214 /* LaunchScreen.storyboard */,
				65F8CD751FD620B10069F214 /* Info.plist */,
			);
			path = MinuteChallenge;
			sourceTree = "<group>";
		};
		65F8CD7E1FD620C30069F214 /* MinuteChallengeGame */ = {
			isa = PBXGroup;
			children = (
				65F8CDAA1FD64A880069F214 /* Interface.storyboard */,
				65F8CD821FD620C30069F214 /* Assets.xcassets */,
				65F8CD841FD620C30069F214 /* Info.plist */,
			);
			path = MinuteChallengeGame;
			sourceTree = "<group>";
		};
		65F8CD8D1FD620C40069F214 /* MinuteChallengeGame Extension */ = {
			isa = PBXGroup;
			children = (
				65F8CDAE1FD64AF90069F214 /* TitleIC.swift */,
				65F8CDA61FD64A7D0069F214 /* GameIC.swift */,
				65F8CDA41FD64A770069F214 /* GameScene.swift */,
				65F8CDA81FD64A830069F214 /* Tasks.swift */,
				65F8CD941FD620C40069F214 /* ExtensionDelegate.swift */,
				65F8CD961FD620C40069F214 /* Assets.xcassets */,
				65F8CD981FD620C40069F214 /* Info.plist */,
			);
			path = "MinuteChallengeGame Extension";
			sourceTree = "<group>";
		};
/* End PBXGroup section */

/* Begin PBXNativeTarget section */
		65F8CD621FD620B10069F214 /* MinuteChallenge */ = {
			isa = PBXNativeTarget;
			buildConfigurationList = 65F8CD781FD620B10069F214 /* Build configuration list for PBXNativeTarget "MinuteChallenge" */;
			buildPhases = (
				65F8CD5F1FD620B10069F214 /* Sources */,
				65F8CD601FD620B10069F214 /* Frameworks */,
				65F8CD611FD620B10069F214 /* Resources */,
				65F8CDA31FD620C40069F214 /* Embed Watch Content */,
			);
			buildRules = (
			);
			dependencies = (
				65F8CD9A1FD620C40069F214 /* PBXTargetDependency */,
			);
			name = MinuteChallenge;
			productName = WatchMe;
			productReference = 65F8CD631FD620B10069F214 /* MinuteChallenge.app */;
			productType = "com.apple.product-type.application";
		};
		65F8CD7C1FD620C30069F214 /* MinuteChallengeGame */ = {
			isa = PBXNativeTarget;
			buildConfigurationList = 65F8CDA01FD620C40069F214 /* Build configuration list for PBXNativeTarget "MinuteChallengeGame" */;
			buildPhases = (
				65F8CD7B1FD620C30069F214 /* Resources */,
				65F8CD9F1FD620C40069F214 /* Embed App Extensions */,
				CB82E08D4C0C71890633BAD5 /* Frameworks */,
			);
			buildRules = (
			);
			dependencies = (
				65F8CD8C1FD620C40069F214 /* PBXTargetDependency */,
			);
			name = MinuteChallengeGame;
			productName = WatchMeGame;
			productReference = 65F8CD7D1FD620C30069F214 /* MinuteChallengeGame.app */;
			productType = "com.apple.product-type.application.watchapp2";
		};
		65F8CD881FD620C40069F214 /* MinuteChallengeGame Extension */ = {
			isa = PBXNativeTarget;
			buildConfigurationList = 65F8CD9C1FD620C40069F214 /* Build configuration list for PBXNativeTarget "MinuteChallengeGame Extension" */;
			buildPhases = (
				65F8CD851FD620C40069F214 /* Sources */,
				65F8CD861FD620C40069F214 /* Frameworks */,
				65F8CD871FD620C40069F214 /* Resources */,
			);
			buildRules = (
			);
			dependencies = (
			);
			name = "MinuteChallengeGame Extension";
			productName = "WatchMeGame Extension";
			productReference = 65F8CD891FD620C40069F214 /* MinuteChallengeGame Extension.appex */;
			productType = "com.apple.product-type.watchkit2-extension";
		};
/* End PBXNativeTarget section */

/* Begin PBXProject section */
		65F8CD5B1FD620B10069F214 /* Project object */ = {
			isa = PBXProject;
			attributes = {
				LastSwiftUpdateCheck = 0910;
				LastUpgradeCheck = 0910;
				ORGANIZATIONNAME = "Daniel Davalos";
				TargetAttributes = {
					65F8CD621FD620B10069F214 = {
						CreatedOnToolsVersion = 9.1;
						ProvisioningStyle = Automatic;
					};
					65F8CD7C1FD620C30069F214 = {
						CreatedOnToolsVersion = 9.1;
						ProvisioningStyle = Automatic;
					};
					65F8CD881FD620C40069F214 = {
						CreatedOnToolsVersion = 9.1;
						ProvisioningStyle = Automatic;
					};
				};
			};
			buildConfigurationList = 65F8CD5E1FD620B10069F214 /* Build configuration list for PBXProject "MinuteChallenge" */;
			compatibilityVersion = "Xcode 8.0";
			developmentRegion = en;
			hasScannedForEncodings = 0;
			knownRegions = (
				en,
				Base,
			);
			mainGroup = 65F8CD5A1FD620B10069F214;
			productRefGroup = 65F8CD641FD620B10069F214 /* Products */;
			projectDirPath = "";
			projectRoot = "";
			targets = (
				65F8CD621FD620B10069F214 /* MinuteChallenge */,
				65F8CD7C1FD620C30069F214 /* MinuteChallengeGame */,
				65F8CD881FD620C40069F214 /* MinuteChallengeGame Extension */,
			);
		};
/* End PBXProject section */

/* Begin PBXResourcesBuildPhase section */
		65F8CD611FD620B10069F214 /* Resources */ = {
			isa = PBXResourcesBuildPhase;
			buildActionMask = 2147483647;
			files = (
				65F8CD741FD620B10069F214 /* LaunchScreen.storyboard in Resources */,
				65F8CD711FD620B10069F214 /* Assets.xcassets in Resources */,
				65F8CD6C1FD620B10069F214 /* Main.storyboard in Resources */,
			);
			runOnlyForDeploymentPostprocessing = 0;
		};
		65F8CD7B1FD620C30069F214 /* Resources */ = {
			isa = PBXResourcesBuildPhase;
			buildActionMask = 2147483647;
			files = (
				65F8CDAB1FD64A880069F214 /* Interface.storyboard in Resources */,
				65F8CD831FD620C30069F214 /* Assets.xcassets in Resources */,
			);
			runOnlyForDeploymentPostprocessing = 0;
		};
		65F8CD871FD620C40069F214 /* Resources */ = {
			isa = PBXResourcesBuildPhase;
			buildActionMask = 2147483647;
			files = (
				65F8CD971FD620C40069F214 /* Assets.xcassets in Resources */,
			);
			runOnlyForDeploymentPostprocessing = 0;
		};
/* End PBXResourcesBuildPhase section */

/* Begin PBXSourcesBuildPhase section */
		65F8CD5F1FD620B10069F214 /* Sources */ = {
			isa = PBXSourcesBuildPhase;
			buildActionMask = 2147483647;
			files = (
				65F8CD691FD620B10069F214 /* ViewController.swift in Sources */,
				655FBCC01FEB89CA00FF3044 /* FileManagerExtension.swift in Sources */,
				65F8CD671FD620B10069F214 /* AppDelegate.swift in Sources */,
				655FBCC21FEB89D400FF3044 /* Model.swift in Sources */,
			);
			runOnlyForDeploymentPostprocessing = 0;
		};
		65F8CD851FD620C40069F214 /* Sources */ = {
			isa = PBXSourcesBuildPhase;
			buildActionMask = 2147483647;
			files = (
				655FBCC51FEB89EA00FF3044 /* Model.swift in Sources */,
				65F8CDA91FD64A830069F214 /* Tasks.swift in Sources */,
				655FBCC41FEB89E700FF3044 /* FileManagerExtension.swift in Sources */,
				65F8CDA71FD64A7D0069F214 /* GameIC.swift in Sources */,
				65F8CDAF1FD64AF90069F214 /* TitleIC.swift in Sources */,
				65F8CDA51FD64A770069F214 /* GameScene.swift in Sources */,
				65F8CD951FD620C40069F214 /* ExtensionDelegate.swift in Sources */,
			);
			runOnlyForDeploymentPostprocessing = 0;
		};
/* End PBXSourcesBuildPhase section */

/* Begin PBXTargetDependency section */
		65F8CD8C1FD620C40069F214 /* PBXTargetDependency */ = {
			isa = PBXTargetDependency;
			target = 65F8CD881FD620C40069F214 /* MinuteChallengeGame Extension */;
			targetProxy = 65F8CD8B1FD620C40069F214 /* PBXContainerItemProxy */;
		};
		65F8CD9A1FD620C40069F214 /* PBXTargetDependency */ = {
			isa = PBXTargetDependency;
			target = 65F8CD7C1FD620C30069F214 /* MinuteChallengeGame */;
			targetProxy = 65F8CD991FD620C40069F214 /* PBXContainerItemProxy */;
		};
/* End PBXTargetDependency section */

/* Begin PBXVariantGroup section */
		65F8CD6A1FD620B10069F214 /* Main.storyboard */ = {
			isa = PBXVariantGroup;
			children = (
				65F8CD6B1FD620B10069F214 /* Base */,
			);
			name = Main.storyboard;
			sourceTree = "<group>";
		};
		65F8CD721FD620B10069F214 /* LaunchScreen.storyboard */ = {
			isa = PBXVariantGroup;
			children = (
				65F8CD731FD620B10069F214 /* Base */,
			);
			name = LaunchScreen.storyboard;
			sourceTree = "<group>";
		};
/* End PBXVariantGroup section */

/* Begin XCBuildConfiguration section */
		65F8CD761FD620B10069F214 /* Debug */ = {
			isa = XCBuildConfiguration;
			buildSettings = {
				ALWAYS_SEARCH_USER_PATHS = NO;
				CLANG_ANALYZER_NONNULL = YES;
				CLANG_ANALYZER_NUMBER_OBJECT_CONVERSION = YES_AGGRESSIVE;
				CLANG_CXX_LANGUAGE_STANDARD = "gnu++14";
				CLANG_CXX_LIBRARY = "libc++";
				CLANG_ENABLE_MODULES = YES;
				CLANG_ENABLE_OBJC_ARC = YES;
				CLANG_WARN_BLOCK_CAPTURE_AUTORELEASING = YES;
				CLANG_WARN_BOOL_CONVERSION = YES;
				CLANG_WARN_COMMA = YES;
				CLANG_WARN_CONSTANT_CONVERSION = YES;
				CLANG_WARN_DIRECT_OBJC_ISA_USAGE = YES_ERROR;
				CLANG_WARN_DOCUMENTATION_COMMENTS = YES;
				CLANG_WARN_EMPTY_BODY = YES;
				CLANG_WARN_ENUM_CONVERSION = YES;
				CLANG_WARN_INFINITE_RECURSION = YES;
				CLANG_WARN_INT_CONVERSION = YES;
				CLANG_WARN_NON_LITERAL_NULL_CONVERSION = YES;
				CLANG_WARN_OBJC_LITERAL_CONVERSION = YES;
				CLANG_WARN_OBJC_ROOT_CLASS = YES_ERROR;
				CLANG_WARN_RANGE_LOOP_ANALYSIS = YES;
				CLANG_WARN_STRICT_PROTOTYPES = YES;
				CLANG_WARN_SUSPICIOUS_MOVE = YES;
				CLANG_WARN_UNGUARDED_AVAILABILITY = YES_AGGRESSIVE;
				CLANG_WARN_UNREACHABLE_CODE = YES;
				CLANG_WARN__DUPLICATE_METHOD_MATCH = YES;
				CODE_SIGN_IDENTITY = "iPhone Developer";
				COPY_PHASE_STRIP = NO;
				DEBUG_INFORMATION_FORMAT = dwarf;
				ENABLE_STRICT_OBJC_MSGSEND = YES;
				ENABLE_TESTABILITY = YES;
				GCC_C_LANGUAGE_STANDARD = gnu11;
				GCC_DYNAMIC_NO_PIC = NO;
				GCC_NO_COMMON_BLOCKS = YES;
				GCC_OPTIMIZATION_LEVEL = 0;
				GCC_PREPROCESSOR_DEFINITIONS = (
					"DEBUG=1",
					"$(inherited)",
				);
				GCC_WARN_64_TO_32_BIT_CONVERSION = YES;
				GCC_WARN_ABOUT_RETURN_TYPE = YES_ERROR;
				GCC_WARN_UNDECLARED_SELECTOR = YES;
				GCC_WARN_UNINITIALIZED_AUTOS = YES_AGGRESSIVE;
				GCC_WARN_UNUSED_FUNCTION = YES;
				GCC_WARN_UNUSED_VARIABLE = YES;
				IPHONEOS_DEPLOYMENT_TARGET = 11.1;
				MTL_ENABLE_DEBUG_INFO = YES;
				ONLY_ACTIVE_ARCH = YES;
				SDKROOT = iphoneos;
				SWIFT_ACTIVE_COMPILATION_CONDITIONS = DEBUG;
				SWIFT_OPTIMIZATION_LEVEL = "-Onone";
			};
			name = Debug;
		};
		65F8CD771FD620B10069F214 /* Release */ = {
			isa = XCBuildConfiguration;
			buildSettings = {
				ALWAYS_SEARCH_USER_PATHS = NO;
				CLANG_ANALYZER_NONNULL = YES;
				CLANG_ANALYZER_NUMBER_OBJECT_CONVERSION = YES_AGGRESSIVE;
				CLANG_CXX_LANGUAGE_STANDARD = "gnu++14";
				CLANG_CXX_LIBRARY = "libc++";
				CLANG_ENABLE_MODULES = YES;
				CLANG_ENABLE_OBJC_ARC = YES;
				CLANG_WARN_BLOCK_CAPTURE_AUTORELEASING = YES;
				CLANG_WARN_BOOL_CONVERSION = YES;
				CLANG_WARN_COMMA = YES;
				CLANG_WARN_CONSTANT_CONVERSION = YES;
				CLANG_WARN_DIRECT_OBJC_ISA_USAGE = YES_ERROR;
				CLANG_WARN_DOCUMENTATION_COMMENTS = YES;
				CLANG_WARN_EMPTY_BODY = YES;
				CLANG_WARN_ENUM_CONVERSION = YES;
				CLANG_WARN_INFINITE_RECURSION = YES;
				CLANG_WARN_INT_CONVERSION = YES;
				CLANG_WARN_NON_LITERAL_NULL_CONVERSION = YES;
				CLANG_WARN_OBJC_LITERAL_CONVERSION = YES;
				CLANG_WARN_OBJC_ROOT_CLASS = YES_ERROR;
				CLANG_WARN_RANGE_LOOP_ANALYSIS = YES;
				CLANG_WARN_STRICT_PROTOTYPES = YES;
				CLANG_WARN_SUSPICIOUS_MOVE = YES;
				CLANG_WARN_UNGUARDED_AVAILABILITY = YES_AGGRESSIVE;
				CLANG_WARN_UNREACHABLE_CODE = YES;
				CLANG_WARN__DUPLICATE_METHOD_MATCH = YES;
				CODE_SIGN_IDENTITY = "iPhone Developer";
				COPY_PHASE_STRIP = NO;
				DEBUG_INFORMATION_FORMAT = "dwarf-with-dsym";
				ENABLE_NS_ASSERTIONS = NO;
				ENABLE_STRICT_OBJC_MSGSEND = YES;
				GCC_C_LANGUAGE_STANDARD = gnu11;
				GCC_NO_COMMON_BLOCKS = YES;
				GCC_WARN_64_TO_32_BIT_CONVERSION = YES;
				GCC_WARN_ABOUT_RETURN_TYPE = YES_ERROR;
				GCC_WARN_UNDECLARED_SELECTOR = YES;
				GCC_WARN_UNINITIALIZED_AUTOS = YES_AGGRESSIVE;
				GCC_WARN_UNUSED_FUNCTION = YES;
				GCC_WARN_UNUSED_VARIABLE = YES;
				IPHONEOS_DEPLOYMENT_TARGET = 11.1;
				MTL_ENABLE_DEBUG_INFO = NO;
				SDKROOT = iphoneos;
				SWIFT_OPTIMIZATION_LEVEL = "-Owholemodule";
				VALIDATE_PRODUCT = YES;
			};
			name = Release;
		};
		65F8CD791FD620B10069F214 /* Debug */ = {
			isa = XCBuildConfiguration;
			buildSettings = {
				ASSETCATALOG_COMPILER_APPICON_NAME = AppIcon;
				"CODE_SIGN_IDENTITY[sdk=iphoneos*]" = "iPhone Developer";
				CODE_SIGN_STYLE = Automatic;
				DEVELOPMENT_TEAM = C3XZN54755;
				INFOPLIST_FILE = MinuteChallenge/Info.plist;
				LD_RUNPATH_SEARCH_PATHS = "$(inherited) @executable_path/Frameworks";
				PRODUCT_BUNDLE_IDENTIFIER = xyz.davalos.minutechallenge;
				PRODUCT_NAME = "$(TARGET_NAME)";
				PROVISIONING_PROFILE_SPECIFIER = "";
				SWIFT_VERSION = 4.0;
				TARGETED_DEVICE_FAMILY = 1;
			};
			name = Debug;
		};
		65F8CD7A1FD620B10069F214 /* Release */ = {
			isa = XCBuildConfiguration;
			buildSettings = {
				ASSETCATALOG_COMPILER_APPICON_NAME = AppIcon;
				"CODE_SIGN_IDENTITY[sdk=iphoneos*]" = "iPhone Developer";
				CODE_SIGN_STYLE = Automatic;
				DEVELOPMENT_TEAM = C3XZN54755;
				INFOPLIST_FILE = MinuteChallenge/Info.plist;
				LD_RUNPATH_SEARCH_PATHS = "$(inherited) @executable_path/Frameworks";
				PRODUCT_BUNDLE_IDENTIFIER = xyz.davalos.minutechallenge;
				PRODUCT_NAME = "$(TARGET_NAME)";
				PROVISIONING_PROFILE_SPECIFIER = "";
				SWIFT_VERSION = 4.0;
				TARGETED_DEVICE_FAMILY = 1;
			};
			name = Release;
		};
		65F8CD9D1FD620C40069F214 /* Debug */ = {
			isa = XCBuildConfiguration;
			buildSettings = {
				ASSETCATALOG_COMPILER_COMPLICATION_NAME = Complication;
				CODE_SIGN_STYLE = Automatic;
				DEVELOPMENT_TEAM = C3XZN54755;
				HEADER_SEARCH_PATHS = "$(SRCROOT)/Pods/**";
				INFOPLIST_FILE = "MinuteChallengeGame Extension/Info.plist";
				LD_RUNPATH_SEARCH_PATHS = "$(inherited) @executable_path/Frameworks @executable_path/../../Frameworks";
				PRODUCT_BUNDLE_IDENTIFIER = xyz.davalos.minutechallenge.watchkitapp.watchkitextension;
				PRODUCT_NAME = "${TARGET_NAME}";
				SDKROOT = watchos;
				SKIP_INSTALL = YES;
				SWIFT_VERSION = 4.0;
				TARGETED_DEVICE_FAMILY = 4;
				WATCHOS_DEPLOYMENT_TARGET = 4.1;
			};
			name = Debug;
		};
		65F8CD9E1FD620C40069F214 /* Release */ = {
			isa = XCBuildConfiguration;
			buildSettings = {
				ASSETCATALOG_COMPILER_COMPLICATION_NAME = Complication;
				CODE_SIGN_STYLE = Automatic;
				DEVELOPMENT_TEAM = C3XZN54755;
				HEADER_SEARCH_PATHS = "$(SRCROOT)/Pods/**";
				INFOPLIST_FILE = "MinuteChallengeGame Extension/Info.plist";
				LD_RUNPATH_SEARCH_PATHS = "$(inherited) @executable_path/Frameworks @executable_path/../../Frameworks";
				PRODUCT_BUNDLE_IDENTIFIER = xyz.davalos.minutechallenge.watchkitapp.watchkitextension;
				PRODUCT_NAME = "${TARGET_NAME}";
				SDKROOT = watchos;
				SKIP_INSTALL = YES;
				SWIFT_VERSION = 4.0;
				TARGETED_DEVICE_FAMILY = 4;
				WATCHOS_DEPLOYMENT_TARGET = 4.1;
			};
			name = Release;
		};
		65F8CDA11FD620C40069F214 /* Debug */ = {
			isa = XCBuildConfiguration;
			buildSettings = {
				ALWAYS_EMBED_SWIFT_STANDARD_LIBRARIES = YES;
				ASSETCATALOG_COMPILER_APPICON_NAME = AppIcon;
				CODE_SIGN_STYLE = Automatic;
				DEVELOPMENT_TEAM = C3XZN54755;
				IBSC_MODULE = MinuteChallengeGame_Extension;
				INFOPLIST_FILE = MinuteChallengeGame/Info.plist;
				PRODUCT_BUNDLE_IDENTIFIER = xyz.davalos.minutechallenge.watchkitapp;
				PRODUCT_NAME = "$(TARGET_NAME)";
				SDKROOT = watchos;
				SKIP_INSTALL = YES;
				SWIFT_VERSION = 4.0;
				TARGETED_DEVICE_FAMILY = 4;
				WATCHOS_DEPLOYMENT_TARGET = 4.1;
			};
			name = Debug;
		};
		65F8CDA21FD620C40069F214 /* Release */ = {
			isa = XCBuildConfiguration;
			buildSettings = {
				ALWAYS_EMBED_SWIFT_STANDARD_LIBRARIES = YES;
				ASSETCATALOG_COMPILER_APPICON_NAME = AppIcon;
				CODE_SIGN_STYLE = Automatic;
				DEVELOPMENT_TEAM = C3XZN54755;
				IBSC_MODULE = MinuteChallengeGame_Extension;
				INFOPLIST_FILE = MinuteChallengeGame/Info.plist;
				PRODUCT_BUNDLE_IDENTIFIER = xyz.davalos.minutechallenge.watchkitapp;
				PRODUCT_NAME = "$(TARGET_NAME)";
				SDKROOT = watchos;
				SKIP_INSTALL = YES;
				SWIFT_VERSION = 4.0;
				TARGETED_DEVICE_FAMILY = 4;
				WATCHOS_DEPLOYMENT_TARGET = 4.1;
			};
			name = Release;
		};
/* End XCBuildConfiguration section */

/* Begin XCConfigurationList section */
		65F8CD5E1FD620B10069F214 /* Build configuration list for PBXProject "MinuteChallenge" */ = {
			isa = XCConfigurationList;
			buildConfigurations = (
				65F8CD761FD620B10069F214 /* Debug */,
				65F8CD771FD620B10069F214 /* Release */,
			);
			defaultConfigurationIsVisible = 0;
			defaultConfigurationName = Release;
		};
		65F8CD781FD620B10069F214 /* Build configuration list for PBXNativeTarget "MinuteChallenge" */ = {
			isa = XCConfigurationList;
			buildConfigurations = (
				65F8CD791FD620B10069F214 /* Debug */,
				65F8CD7A1FD620B10069F214 /* Release */,
			);
			defaultConfigurationIsVisible = 0;
			defaultConfigurationName = Release;
		};
		65F8CD9C1FD620C40069F214 /* Build configuration list for PBXNativeTarget "MinuteChallengeGame Extension" */ = {
			isa = XCConfigurationList;
			buildConfigurations = (
				65F8CD9D1FD620C40069F214 /* Debug */,
				65F8CD9E1FD620C40069F214 /* Release */,
			);
			defaultConfigurationIsVisible = 0;
			defaultConfigurationName = Release;
		};
		65F8CDA01FD620C40069F214 /* Build configuration list for PBXNativeTarget "MinuteChallengeGame" */ = {
			isa = XCConfigurationList;
			buildConfigurations = (
				65F8CDA11FD620C40069F214 /* Debug */,
				65F8CDA21FD620C40069F214 /* Release */,
			);
			defaultConfigurationIsVisible = 0;
			defaultConfigurationName = Release;
		};
/* End XCConfigurationList section */
	};
	rootObject = 65F8CD5B1FD620B10069F214 /* Project object */;
}
